
Microsoft Visual Studio Solution File, Format Version 12.00
# Visual Studio Version 17
VisualStudioVersion = 17.1.32210.238
MinimumVisualStudioVersion = 10.0.40219.1
Project("{FAE04EC0-301F-11D3-BF4B-00C04F79EFBC}") = "newTask 3(123)", "newTask 3(123)\newTask 3(123).csproj", "{D4405B0F-E877-4E49-8A76-5109AE4983D1}"
EndProject
Global
	GlobalSection(SolutionConfigurationPlatforms) = preSolution
		Debug|Any CPU = Debug|Any CPU
		Release|Any CPU = Release|Any CPU
	EndGlobalSection
	GlobalSection(ProjectConfigurationPlatforms) = postSolution
		{D4405B0F-E877-4E49-8A76-5109AE4983D1}.Debug|Any CPU.ActiveCfg = Debug|Any CPU
		{D4405B0F-E877-4E49-8A76-5109AE4983D1}.Debug|Any CPU.Build.0 = Debug|Any CPU
		{D4405B0F-E877-4E49-8A76-5109AE4983D1}.Release|Any CPU.ActiveCfg = Release|Any CPU
		{D4405B0F-E877-4E49-8A76-5109AE4983D1}.Release|Any CPU.Build.0 = Release|Any CPU
	EndGlobalSection
	GlobalSection(SolutionProperties) = preSolution
		HideSolutionNode = FALSE
	EndGlobalSection
	GlobalSection(ExtensibilityGlobals) = postSolution
		SolutionGuid = {27DD9DFB-2070-4CEC-AD69-40CB5F462341}
	EndGlobalSection
EndGlobal
